
Microsoft Visual Studio Solution File, Format Version 12.00
Project("{FAE04EC0-301F-11D3-BF4B-00C04F79EFBC}") = "BE.TradeeHub.UserService", "BE.TradeeHub.UserService\BE.TradeeHub.UserService.csproj", "{18CAF8AE-2628-4D1A-A287-7E6CA2A4D29E}"
EndProject
Project("{FAE04EC0-301F-11D3-BF4B-00C04F79EFBC}") = "BE.TradeeHub.UserService.Domain", "BE.TradeeHub.UserService.Domain\BE.TradeeHub.UserService.Domain.csproj", "{69C92C32-03C1-40DC-867C-D8BAF257587D}"
EndProject
Project("{FAE04EC0-301F-11D3-BF4B-00C04F79EFBC}") = "BE.TradeeHub.UserService.Infrastructure", "BE.TradeeHub.UserService.Infrastructure\BE.TradeeHub.UserService.Infrastructure.csproj", "{B6DA2459-FDBB-4981-95B5-26756C95A8F4}"
EndProject
Global
	GlobalSection(SolutionConfigurationPlatforms) = preSolution
		Debug|Any CPU = Debug|Any CPU
		Release|Any CPU = Release|Any CPU
	EndGlobalSection
	GlobalSection(ProjectConfigurationPlatforms) = postSolution
		{18CAF8AE-2628-4D1A-A287-7E6CA2A4D29E}.Debug|Any CPU.ActiveCfg = Debug|Any CPU
		{18CAF8AE-2628-4D1A-A287-7E6CA2A4D29E}.Debug|Any CPU.Build.0 = Debug|Any CPU
		{18CAF8AE-2628-4D1A-A287-7E6CA2A4D29E}.Release|Any CPU.ActiveCfg = Release|Any CPU
		{18CAF8AE-2628-4D1A-A287-7E6CA2A4D29E}.Release|Any CPU.Build.0 = Release|Any CPU
		{69C92C32-03C1-40DC-867C-D8BAF257587D}.Debug|Any CPU.ActiveCfg = Debug|Any CPU
		{69C92C32-03C1-40DC-867C-D8BAF257587D}.Debug|Any CPU.Build.0 = Debug|Any CPU
		{69C92C32-03C1-40DC-867C-D8BAF257587D}.Release|Any CPU.ActiveCfg = Release|Any CPU
		{69C92C32-03C1-40DC-867C-D8BAF257587D}.Release|Any CPU.Build.0 = Release|Any CPU
		{B6DA2459-FDBB-4981-95B5-26756C95A8F4}.Debug|Any CPU.ActiveCfg = Debug|Any CPU
		{B6DA2459-FDBB-4981-95B5-26756C95A8F4}.Debug|Any CPU.Build.0 = Debug|Any CPU
		{B6DA2459-FDBB-4981-95B5-26756C95A8F4}.Release|Any CPU.ActiveCfg = Release|Any CPU
		{B6DA2459-FDBB-4981-95B5-26756C95A8F4}.Release|Any CPU.Build.0 = Release|Any CPU
	EndGlobalSection
EndGlobal
